
Microsoft Visual Studio Solution File, Format Version 11.00
# Visual C# Express 2010
Project("{FAE04EC0-301F-11D3-BF4B-00C04F79EFBC}") = "Acyclic", "Acyclic.csproj", "{0AA3AF0C-22C2-429B-9EB2-085B3D96CAEE}"
EndProject
Global
	GlobalSection(SolutionConfigurationPlatforms) = preSolution
		Debug|x86 = Debug|x86
		Release|x86 = Release|x86
	EndGlobalSection
	GlobalSection(ProjectConfigurationPlatforms) = postSolution
		{0AA3AF0C-22C2-429B-9EB2-085B3D96CAEE}.Debug|x86.ActiveCfg = Debug|x86
		{0AA3AF0C-22C2-429B-9EB2-085B3D96CAEE}.Debug|x86.Build.0 = Debug|x86
		{0AA3AF0C-22C2-429B-9EB2-085B3D96CAEE}.Release|x86.ActiveCfg = Release|x86
		{0AA3AF0C-22C2-429B-9EB2-085B3D96CAEE}.Release|x86.Build.0 = Release|x86
	EndGlobalSection
	GlobalSection(SolutionProperties) = preSolution
		HideSolutionNode = FALSE
	EndGlobalSection
EndGlobal
