
Microsoft Visual Studio Solution File, Format Version 11.00
# Visual C# Express 2010
Project("{FAE04EC0-301F-11D3-BF4B-00C04F79EFBC}") = "EtherCATExplorer", "EtherCATExplorer.csproj", "{9D679E62-06E3-42AB-9AA9-01531D5532EE}"
EndProject
Global
	GlobalSection(SolutionConfigurationPlatforms) = preSolution
		Debug|x86 = Debug|x86
		Release|x86 = Release|x86
	EndGlobalSection
	GlobalSection(ProjectConfigurationPlatforms) = postSolution
		{9D679E62-06E3-42AB-9AA9-01531D5532EE}.Debug|x86.ActiveCfg = Debug|x86
		{9D679E62-06E3-42AB-9AA9-01531D5532EE}.Debug|x86.Build.0 = Debug|x86
		{9D679E62-06E3-42AB-9AA9-01531D5532EE}.Release|x86.ActiveCfg = Release|x86
		{9D679E62-06E3-42AB-9AA9-01531D5532EE}.Release|x86.Build.0 = Release|x86
	EndGlobalSection
	GlobalSection(SolutionProperties) = preSolution
		HideSolutionNode = FALSE
	EndGlobalSection
EndGlobal
