
Microsoft Visual Studio Solution File, Format Version 11.00
# Visual Studio 2010
Project("{8BC9CEB8-8B4A-11D0-8D11-00A0C91BC942}") = "libio_modbus_tcp_master", "libio_modbus_tcp_master.vcxproj", "{3128BCBD-19C8-835C-C5AF-AECA35A64B1F}"
EndProject
Global
	GlobalSection(SolutionConfigurationPlatforms) = preSolution
		Debug|Win32 = Debug|Win32
		Release|Win32 = Release|Win32
	EndGlobalSection
	GlobalSection(ProjectConfigurationPlatforms) = postSolution
		{3128BCBD-19C8-835C-C5AF-AECA35A64B1F}.Debug|Win32.ActiveCfg = Debug|Win32
		{3128BCBD-19C8-835C-C5AF-AECA35A64B1F}.Debug|Win32.Build.0 = Debug|Win32
		{3128BCBD-19C8-835C-C5AF-AECA35A64B1F}.Release|Win32.ActiveCfg = Release|Win32
		{3128BCBD-19C8-835C-C5AF-AECA35A64B1F}.Release|Win32.Build.0 = Release|Win32
	EndGlobalSection
	GlobalSection(SolutionProperties) = preSolution
		HideSolutionNode = FALSE
	EndGlobalSection
EndGlobal
